# This file is automatically @generated by Wally.
# It is not intended for manual editing.
registry = "test"

[[package]]
name = "author/project-name"
version = "0.0.0"
dependencies = [["fusion", "elttob/fusion@0.3.0-dev.1"]]

[[package]]
name = "elttob/fusion"
version = "0.3.0-dev.1"
dependencies = []
